<?xml version="1.0" encoding="utf-8"?>
<Project ToolsVersion="4.0" xmlns="http://schemas.microsoft.com/developer/msbuild/2003">
  <ItemGroup>
    <Filter Include="Source Files">
      <UniqueIdentifier>{4FC737F1-C7A5-4376-A066-2A32D752A2FF}</UniqueIdentifier>
      <Extensions>cpp;c;cc;cxx;def;odl;idl;hpj;bat;asm;asmx</Extensions>
    </Filter>
    <Filter Include="Header Files">
      <UniqueIdentifier>{93995380-89BD-4b04-88EB-625FBE52EBFB}</UniqueIdentifier>
      <Extensions>h;hh;hpp;hxx;hm;inl;inc;xsd</Extensions>
    </Filter>
    <Filter Include="Resource Files">
      <UniqueIdentifier>{67DA6AB6-F800-4c08-8B7A-83BB121AAD01}</UniqueIdentifier>
      <Extensions>rc;ico;cur;bmp;dlg;rc2;rct;bin;rgs;gif;jpg;jpeg;jpe;resx;tiff;tif;png;wav;mfcribbon-ms</Extensions>
    </Filter>
    <Filter Include="Header Files\Nodes">
      <UniqueIdentifier>{d2f86838-f208-4ef3-8f17-f8595f3edb3b}</UniqueIdentifier>
    </Filter>
    <Filter Include="Source Files\Nodes">
      <UniqueIdentifier>{c21fbdc3-1f6f-4bf1-b5bf-1cabf3799539}</UniqueIdentifier>
    </Filter>
    <Filter Include="Header Files\Tree">
      <UniqueIdentifier>{3ee2e694-aa19-4496-a64b-e8d7c5b5cfa1}</UniqueIdentifier>
    </Filter>
    <Filter Include="Source Files\Tree">
      <UniqueIdentifier>{bf2b142e-bf88-44c5-b660-fd823c2d3269}</UniqueIdentifier>
    </Filter>
    <Filter Include="Header Files\DogBehaviors">
      <UniqueIdentifier>{a99110c3-3639-467f-801b-45c1ada8030d}</UniqueIdentifier>
    </Filter>
    <Filter Include="Header Files\Entities">
      <UniqueIdentifier>{cd363a90-beae-4e49-a0af-170d85d79f53}</UniqueIdentifier>
    </Filter>
    <Filter Include="Source Files\DogBehaviors">
      <UniqueIdentifier>{ccc56b74-0814-40c5-ba4a-a07f024f504e}</UniqueIdentifier>
    </Filter>
    <Filter Include="Source Files\Entities">
      <UniqueIdentifier>{032d239a-f10d-4a66-97a7-8a4a5a711bd9}</UniqueIdentifier>
    </Filter>
  </ItemGroup>
  <ItemGroup>
    <ClCompile Include="..\src\main.cpp">
      <Filter>Source Files</Filter>
    </ClCompile>
    <ClCompile Include="..\src\ActionNode.cpp">
      <Filter>Source Files\Nodes</Filter>
    </ClCompile>
    <ClCompile Include="..\src\ConditionNode.cpp">
      <Filter>Source Files\Nodes</Filter>
    </ClCompile>
    <ClCompile Include="..\src\SelectorNode.cpp">
      <Filter>Source Files\Nodes</Filter>
    </ClCompile>
    <ClCompile Include="..\src\BehaviorTree.cpp">
      <Filter>Source Files\Tree</Filter>
    </ClCompile>
    <ClCompile Include="..\src\SequenceNode.cpp">
      <Filter>Source Files\Nodes</Filter>
    </ClCompile>
    <ClCompile Include="..\src\InverterNode.cpp">
      <Filter>Source Files\Nodes</Filter>
    </ClCompile>
    <ClCompile Include="..\src\RepeaterNode.cpp">
      <Filter>Source Files\Nodes</Filter>
    </ClCompile>
    <ClCompile Include="..\src\ControlNode.cpp">
      <Filter>Source Files\Tree</Filter>
    </ClCompile>
    <ClCompile Include="..\src\TreeNode.cpp">
      <Filter>Source Files\Tree</Filter>
    </ClCompile>
    <ClCompile Include="..\src\DecoratorNodecpp.cpp">
      <Filter>Source Files\Tree</Filter>
    </ClCompile>
    <ClCompile Include="..\src\PlayAction.cpp">
      <Filter>Source Files\DogBehaviors</Filter>
    </ClCompile>
    <ClCompile Include="..\src\EatAction.cpp">
      <Filter>Source Files\DogBehaviors</Filter>
    </ClCompile>
    <ClCompile Include="..\src\BoredCondition.cpp">
      <Filter>Source Files\DogBehaviors</Filter>
    </ClCompile>
    <ClCompile Include="..\src\HungryCondition.cpp">
      <Filter>Source Files\DogBehaviors</Filter>
    </ClCompile>
    <ClCompile Include="..\src\Dog.cpp">
      <Filter>Source Files\Entities</Filter>
    </ClCompile>
  </ItemGroup>
  <ItemGroup>
    <ClInclude Include="..\src\ActionNode.h">
      <Filter>Header Files\Nodes</Filter>
    </ClInclude>
    <ClInclude Include="..\src\TreeNode.h">
      <Filter>Header Files\Tree</Filter>
    </ClInclude>
    <ClInclude Include="..\src\ConditionNode.h">
      <Filter>Header Files\Nodes</Filter>
    </ClInclude>
    <ClInclude Include="..\src\SelectorNode.h">
      <Filter>Header Files\Nodes</Filter>
    </ClInclude>
    <ClInclude Include="..\src\SequenceNode.h">
      <Filter>Header Files\Nodes</Filter>
    </ClInclude>
    <ClInclude Include="..\src\ControlNode.h">
      <Filter>Header Files\Tree</Filter>
    </ClInclude>
    <ClInclude Include="..\src\BehaviorTree.h">
      <Filter>Header Files\Tree</Filter>
    </ClInclude>
    <ClInclude Include="..\src\InverterNode.h">
      <Filter>Header Files\Nodes</Filter>
    </ClInclude>
    <ClInclude Include="..\src\DecoratorNode.h">
      <Filter>Header Files\Tree</Filter>
    </ClInclude>
    <ClInclude Include="..\src\RepeaterNode.h">
      <Filter>Header Files\Nodes</Filter>
    </ClInclude>
    <ClInclude Include="..\src\Utils.h">
      <Filter>Header Files</Filter>
    </ClInclude>
    <ClInclude Include="..\src\BlackBoard.h">
      <Filter>Header Files\Tree</Filter>
    </ClInclude>
    <ClInclude Include="..\src\EatAction.h">
      <Filter>Header Files\DogBehaviors</Filter>
    </ClInclude>
    <ClInclude Include="..\src\PlayAction.h">
      <Filter>Header Files\DogBehaviors</Filter>
    </ClInclude>
    <ClInclude Include="..\src\HungryCondition.h">
      <Filter>Header Files\DogBehaviors</Filter>
    </ClInclude>
    <ClInclude Include="..\src\BoredCondition.h">
      <Filter>Header Files\DogBehaviors</Filter>
    </ClInclude>
    <ClInclude Include="..\src\Entity.h">
      <Filter>Header Files\Entities</Filter>
    </ClInclude>
    <ClInclude Include="..\src\Dog.h">
      <Filter>Header Files\Entities</Filter>
    </ClInclude>
  </ItemGroup>
</Project>